
Microsoft Visual Studio Solution File, Format Version 12.00
# Visual Studio Version 16
VisualStudioVersion = 16.0.32228.343
MinimumVisualStudioVersion = 10.0.40219.1
Project("{FAE04EC0-301F-11D3-BF4B-00C04F79EFBC}") = "Examen", "exam\Examen.csproj", "{456AC688-3381-4D08-8850-5B58716FA3B5}"
EndProject
Project("{FAE04EC0-301F-11D3-BF4B-00C04F79EFBC}") = "Domain", "Domain\Domain.csproj", "{B000C121-03E1-4348-AB28-7EF8182CC83B}"
EndProject
Project("{FAE04EC0-301F-11D3-BF4B-00C04F79EFBC}") = "Appcore", "Appcore\Appcore.csproj", "{79CF16F8-2F6B-420E-8A4B-5D2FF6FCE188}"
EndProject
Project("{FAE04EC0-301F-11D3-BF4B-00C04F79EFBC}") = "Infrastructure", "Infrastructure\Infrastructure.csproj", "{AE85B511-91BD-47A2-896A-49BB97202AA4}"
EndProject
Global
	GlobalSection(SolutionConfigurationPlatforms) = preSolution
		Debug|Any CPU = Debug|Any CPU
		Release|Any CPU = Release|Any CPU
	EndGlobalSection
	GlobalSection(ProjectConfigurationPlatforms) = postSolution
		{456AC688-3381-4D08-8850-5B58716FA3B5}.Debug|Any CPU.ActiveCfg = Debug|Any CPU
		{456AC688-3381-4D08-8850-5B58716FA3B5}.Debug|Any CPU.Build.0 = Debug|Any CPU
		{456AC688-3381-4D08-8850-5B58716FA3B5}.Release|Any CPU.ActiveCfg = Release|Any CPU
		{456AC688-3381-4D08-8850-5B58716FA3B5}.Release|Any CPU.Build.0 = Release|Any CPU
		{B000C121-03E1-4348-AB28-7EF8182CC83B}.Debug|Any CPU.ActiveCfg = Debug|Any CPU
		{B000C121-03E1-4348-AB28-7EF8182CC83B}.Debug|Any CPU.Build.0 = Debug|Any CPU
		{B000C121-03E1-4348-AB28-7EF8182CC83B}.Release|Any CPU.ActiveCfg = Release|Any CPU
		{B000C121-03E1-4348-AB28-7EF8182CC83B}.Release|Any CPU.Build.0 = Release|Any CPU
		{79CF16F8-2F6B-420E-8A4B-5D2FF6FCE188}.Debug|Any CPU.ActiveCfg = Debug|Any CPU
		{79CF16F8-2F6B-420E-8A4B-5D2FF6FCE188}.Debug|Any CPU.Build.0 = Debug|Any CPU
		{79CF16F8-2F6B-420E-8A4B-5D2FF6FCE188}.Release|Any CPU.ActiveCfg = Release|Any CPU
		{79CF16F8-2F6B-420E-8A4B-5D2FF6FCE188}.Release|Any CPU.Build.0 = Release|Any CPU
		{AE85B511-91BD-47A2-896A-49BB97202AA4}.Debug|Any CPU.ActiveCfg = Debug|Any CPU
		{AE85B511-91BD-47A2-896A-49BB97202AA4}.Debug|Any CPU.Build.0 = Debug|Any CPU
		{AE85B511-91BD-47A2-896A-49BB97202AA4}.Release|Any CPU.ActiveCfg = Release|Any CPU
		{AE85B511-91BD-47A2-896A-49BB97202AA4}.Release|Any CPU.Build.0 = Release|Any CPU
	EndGlobalSection
	GlobalSection(SolutionProperties) = preSolution
		HideSolutionNode = FALSE
	EndGlobalSection
	GlobalSection(ExtensibilityGlobals) = postSolution
		SolutionGuid = {4E3B1C3B-CAEC-4637-B319-22ACAD311FC4}
	EndGlobalSection
EndGlobal
